{
  "originHash" : "4845271d9c1acad1a63ff048eb28e3588367945b6ee32fe92183b693ebd23411",
  "pins" : [
    {
      "identity" : "elegant-emoji-picker",
      "kind" : "remoteSourceControl",
      "location" : "https://github.com/Finalet/Elegant-Emoji-Picker",
      "state" : {
        "branch" : "main",
        "revision" : "31605313f26a5997495aba6906b1c5bf8bf7b124"
      }
    }
  ],
  "version" : 3
}
